// !$*UTF8*$!
{
	archiveVersion = 1;
	classes = {
	};
	objectVersion = 50;
	objects = {

/* Begin PBXBuildFile section */
		420456F9255E3659009A4DF9 /* TypesListTableCell.swift in Sources */ = {isa = PBXBuildFile; fileRef = 420456F8255E3659009A4DF9 /* TypesListTableCell.swift */; };
		4216004E2572E95F0004D67F /* MenuStatus.swift in Sources */ = {isa = PBXBuildFile; fileRef = 4216004D2572E95F0004D67F /* MenuStatus.swift */; };
		421600502572E99E0004D67F /* TaskStatus.swift in Sources */ = {isa = PBXBuildFile; fileRef = 4216004F2572E99E0004D67F /* TaskStatus.swift */; };
		421600532572EDC90004D67F /* Constants.swift in Sources */ = {isa = PBXBuildFile; fileRef = 421600522572EDC90004D67F /* Constants.swift */; };
		42160055257307050004D67F /* UINavigationController Ext.swift in Sources */ = {isa = PBXBuildFile; fileRef = 42160054257307050004D67F /* UINavigationController Ext.swift */; };
		423AB61E2569AAB00046A217 /* TasksCheckList_VM.swift in Sources */ = {isa = PBXBuildFile; fileRef = 423AB61D2569AAB00046A217 /* TasksCheckList_VM.swift */; };
		423AB6232569B1A50046A217 /* Task+CoreDataClass.swift in Sources */ = {isa = PBXBuildFile; fileRef = 423AB61F2569B1A50046A217 /* Task+CoreDataClass.swift */; };
		423AB6242569B1A50046A217 /* Task+CoreDataProperties.swift in Sources */ = {isa = PBXBuildFile; fileRef = 423AB6202569B1A50046A217 /* Task+CoreDataProperties.swift */; };
		423AB6252569B1A50046A217 /* Type+CoreDataClass.swift in Sources */ = {isa = PBXBuildFile; fileRef = 423AB6212569B1A50046A217 /* Type+CoreDataClass.swift */; };
		423AB6262569B1A50046A217 /* Type+CoreDataProperties.swift in Sources */ = {isa = PBXBuildFile; fileRef = 423AB6222569B1A50046A217 /* Type+CoreDataProperties.swift */; };
		423AB6282569D12B0046A217 /* TaskTableCell_VM.swift in Sources */ = {isa = PBXBuildFile; fileRef = 423AB6272569D12B0046A217 /* TaskTableCell_VM.swift */; };
		426B5C7C2563153D00DA066D /* CoreDataManager.swift in Sources */ = {isa = PBXBuildFile; fileRef = 426B5C7B2563153D00DA066D /* CoreDataManager.swift */; };
		42743FC0255DAE1D00D68FD6 /* AppDelegate.swift in Sources */ = {isa = PBXBuildFile; fileRef = 42743FBF255DAE1D00D68FD6 /* AppDelegate.swift */; };
		42743FC2255DAE1D00D68FD6 /* SceneDelegate.swift in Sources */ = {isa = PBXBuildFile; fileRef = 42743FC1255DAE1D00D68FD6 /* SceneDelegate.swift */; };
		42743FC4255DAE1D00D68FD6 /* TasksCheckList_VC.swift in Sources */ = {isa = PBXBuildFile; fileRef = 42743FC3255DAE1D00D68FD6 /* TasksCheckList_VC.swift */; };
		42743FC7255DAE1D00D68FD6 /* Main.storyboard in Resources */ = {isa = PBXBuildFile; fileRef = 42743FC5255DAE1D00D68FD6 /* Main.storyboard */; };
		42743FCA255DAE1D00D68FD6 /* MyTasks.xcdatamodeld in Sources */ = {isa = PBXBuildFile; fileRef = 42743FC8255DAE1D00D68FD6 /* MyTasks.xcdatamodeld */; };
		42743FCC255DAE1F00D68FD6 /* Assets.xcassets in Resources */ = {isa = PBXBuildFile; fileRef = 42743FCB255DAE1F00D68FD6 /* Assets.xcassets */; };
		42743FCF255DAE1F00D68FD6 /* LaunchScreen.storyboard in Resources */ = {isa = PBXBuildFile; fileRef = 42743FCD255DAE1F00D68FD6 /* LaunchScreen.storyboard */; };
		42743FDF255E046100D68FD6 /* TasksTableViewCell.swift in Sources */ = {isa = PBXBuildFile; fileRef = 42743FDE255E046100D68FD6 /* TasksTableViewCell.swift */; };
		42A25A67255EFEFD0014E986 /* TypesList_VC.swift in Sources */ = {isa = PBXBuildFile; fileRef = 42A25A66255EFEFD0014E986 /* TypesList_VC.swift */; };
		42E46E1C256C21E5005D97AD /* TypesList_VM.swift in Sources */ = {isa = PBXBuildFile; fileRef = 42E46E1B256C21E5005D97AD /* TypesList_VM.swift */; };
		42E46E1E256C2205005D97AD /* TypesListCell_VM.swift in Sources */ = {isa = PBXBuildFile; fileRef = 42E46E1D256C2205005D97AD /* TypesListCell_VM.swift */; };
/* End PBXBuildFile section */

/* Begin PBXFileReference section */
		420456F8255E3659009A4DF9 /* TypesListTableCell.swift */ = {isa = PBXFileReference; lastKnownFileType = sourcecode.swift; path = TypesListTableCell.swift; sourceTree = "<group>"; };
		4216004D2572E95F0004D67F /* MenuStatus.swift */ = {isa = PBXFileReference; lastKnownFileType = sourcecode.swift; path = MenuStatus.swift; sourceTree = "<group>"; };
		4216004F2572E99E0004D67F /* TaskStatus.swift */ = {isa = PBXFileReference; lastKnownFileType = sourcecode.swift; path = TaskStatus.swift; sourceTree = "<group>"; };
		421600522572EDC90004D67F /* Constants.swift */ = {isa = PBXFileReference; lastKnownFileType = sourcecode.swift; path = Constants.swift; sourceTree = "<group>"; };
		42160054257307050004D67F /* UINavigationController Ext.swift */ = {isa = PBXFileReference; lastKnownFileType = sourcecode.swift; path = "UINavigationController Ext.swift"; sourceTree = "<group>"; };
		423AB61D2569AAB00046A217 /* TasksCheckList_VM.swift */ = {isa = PBXFileReference; lastKnownFileType = sourcecode.swift; path = TasksCheckList_VM.swift; sourceTree = "<group>"; };
		423AB61F2569B1A50046A217 /* Task+CoreDataClass.swift */ = {isa = PBXFileReference; lastKnownFileType = sourcecode.swift; name = "Task+CoreDataClass.swift"; path = "../Task+CoreDataClass.swift"; sourceTree = "<group>"; };
		423AB6202569B1A50046A217 /* Task+CoreDataProperties.swift */ = {isa = PBXFileReference; lastKnownFileType = sourcecode.swift; path = "Task+CoreDataProperties.swift"; sourceTree = "<group>"; };
		423AB6212569B1A50046A217 /* Type+CoreDataClass.swift */ = {isa = PBXFileReference; lastKnownFileType = sourcecode.swift; path = "Type+CoreDataClass.swift"; sourceTree = "<group>"; };
		423AB6222569B1A50046A217 /* Type+CoreDataProperties.swift */ = {isa = PBXFileReference; lastKnownFileType = sourcecode.swift; path = "Type+CoreDataProperties.swift"; sourceTree = "<group>"; };
		423AB6272569D12B0046A217 /* TaskTableCell_VM.swift */ = {isa = PBXFileReference; lastKnownFileType = sourcecode.swift; path = TaskTableCell_VM.swift; sourceTree = "<group>"; };
		426B5C7B2563153D00DA066D /* CoreDataManager.swift */ = {isa = PBXFileReference; lastKnownFileType = sourcecode.swift; path = CoreDataManager.swift; sourceTree = "<group>"; };
		42743FBC255DAE1D00D68FD6 /* MyTasks.app */ = {isa = PBXFileReference; explicitFileType = wrapper.application; includeInIndex = 0; path = MyTasks.app; sourceTree = BUILT_PRODUCTS_DIR; };
		42743FBF255DAE1D00D68FD6 /* AppDelegate.swift */ = {isa = PBXFileReference; lastKnownFileType = sourcecode.swift; path = AppDelegate.swift; sourceTree = "<group>"; };
		42743FC1255DAE1D00D68FD6 /* SceneDelegate.swift */ = {isa = PBXFileReference; lastKnownFileType = sourcecode.swift; path = SceneDelegate.swift; sourceTree = "<group>"; };
		42743FC3255DAE1D00D68FD6 /* TasksCheckList_VC.swift */ = {isa = PBXFileReference; lastKnownFileType = sourcecode.swift; path = TasksCheckList_VC.swift; sourceTree = "<group>"; };
		42743FC6255DAE1D00D68FD6 /* Base */ = {isa = PBXFileReference; lastKnownFileType = file.storyboard; name = Base; path = Base.lproj/Main.storyboard; sourceTree = "<group>"; };
		42743FC9255DAE1D00D68FD6 /* MyTasks.xcdatamodel */ = {isa = PBXFileReference; lastKnownFileType = wrapper.xcdatamodel; path = MyTasks.xcdatamodel; sourceTree = "<group>"; };
		42743FCB255DAE1F00D68FD6 /* Assets.xcassets */ = {isa = PBXFileReference; lastKnownFileType = folder.assetcatalog; path = Assets.xcassets; sourceTree = "<group>"; };
		42743FCE255DAE1F00D68FD6 /* Base */ = {isa = PBXFileReference; lastKnownFileType = file.storyboard; name = Base; path = Base.lproj/LaunchScreen.storyboard; sourceTree = "<group>"; };
		42743FD0255DAE1F00D68FD6 /* Info.plist */ = {isa = PBXFileReference; lastKnownFileType = text.plist.xml; path = Info.plist; sourceTree = "<group>"; };
		42743FDE255E046100D68FD6 /* TasksTableViewCell.swift */ = {isa = PBXFileReference; lastKnownFileType = sourcecode.swift; path = TasksTableViewCell.swift; sourceTree = "<group>"; };
		42A25A66255EFEFD0014E986 /* TypesList_VC.swift */ = {isa = PBXFileReference; lastKnownFileType = sourcecode.swift; path = TypesList_VC.swift; sourceTree = "<group>"; };
		42E46E1B256C21E5005D97AD /* TypesList_VM.swift */ = {isa = PBXFileReference; lastKnownFileType = sourcecode.swift; path = TypesList_VM.swift; sourceTree = "<group>"; };
		42E46E1D256C2205005D97AD /* TypesListCell_VM.swift */ = {isa = PBXFileReference; lastKnownFileType = sourcecode.swift; path = TypesListCell_VM.swift; sourceTree = "<group>"; };
/* End PBXFileReference section */

/* Begin PBXFrameworksBuildPhase section */
		42743FB9255DAE1D00D68FD6 /* Frameworks */ = {
			isa = PBXFrameworksBuildPhase;
			buildActionMask = 2147483647;
			files = (
			);
			runOnlyForDeploymentPostprocessing = 0;
		};
/* End PBXFrameworksBuildPhase section */

/* Begin PBXGroup section */
		4216004C2572E92B0004D67F /* Enumerations */ = {
			isa = PBXGroup;
			children = (
				4216004D2572E95F0004D67F /* MenuStatus.swift */,
				4216004F2572E99E0004D67F /* TaskStatus.swift */,
			);
			path = Enumerations;
			sourceTree = "<group>";
		};
		421600512572EDA10004D67F /* constants */ = {
			isa = PBXGroup;
			children = (
				421600522572EDC90004D67F /* Constants.swift */,
			);
			path = constants;
			sourceTree = "<group>";
		};
		423AB61C2569A8FB0046A217 /* View_ViewModel */ = {
			isa = PBXGroup;
			children = (
				4216004C2572E92B0004D67F /* Enumerations */,
				42E46E20256C2233005D97AD /* Types List */,
				42E46E1F256C2215005D97AD /* Tasks Check List */,
			);
			path = View_ViewModel;
			sourceTree = "<group>";
		};
		426DFED52571412F0019D3AB /* ViewModel */ = {
			isa = PBXGroup;
			children = (
				42E46E1B256C21E5005D97AD /* TypesList_VM.swift */,
				42E46E1D256C2205005D97AD /* TypesListCell_VM.swift */,
			);
			path = ViewModel;
			sourceTree = "<group>";
		};
		426DFED62571413F0019D3AB /* ViewControler */ = {
			isa = PBXGroup;
			children = (
				42A25A66255EFEFD0014E986 /* TypesList_VC.swift */,
				420456F8255E3659009A4DF9 /* TypesListTableCell.swift */,
			);
			path = ViewControler;
			sourceTree = "<group>";
		};
		426DFED7257141770019D3AB /* View Model */ = {
			isa = PBXGroup;
			children = (
				423AB61D2569AAB00046A217 /* TasksCheckList_VM.swift */,
				423AB6272569D12B0046A217 /* TaskTableCell_VM.swift */,
			);
			path = "View Model";
			sourceTree = "<group>";
		};
		426DFED8257141830019D3AB /* View Controler */ = {
			isa = PBXGroup;
			children = (
				42743FC3255DAE1D00D68FD6 /* TasksCheckList_VC.swift */,
				42743FDE255E046100D68FD6 /* TasksTableViewCell.swift */,
			);
			path = "View Controler";
			sourceTree = "<group>";
		};
		42743FB3255DAE1D00D68FD6 = {
			isa = PBXGroup;
			children = (
				42743FBE255DAE1D00D68FD6 /* MyTasks */,
				42743FBD255DAE1D00D68FD6 /* Products */,
			);
			sourceTree = "<group>";
		};
		42743FBD255DAE1D00D68FD6 /* Products */ = {
			isa = PBXGroup;
			children = (
				42743FBC255DAE1D00D68FD6 /* MyTasks.app */,
			);
			name = Products;
			sourceTree = "<group>";
		};
		42743FBE255DAE1D00D68FD6 /* MyTasks */ = {
			isa = PBXGroup;
			children = (
				42743FC1255DAE1D00D68FD6 /* SceneDelegate.swift */,
				42743FBF255DAE1D00D68FD6 /* AppDelegate.swift */,
				42160054257307050004D67F /* UINavigationController Ext.swift */,
				42743FDA255DB01C00D68FD6 /* Model */,
				42743FDB255DB2EE00D68FD6 /* Services */,
				421600512572EDA10004D67F /* constants */,
				423AB61C2569A8FB0046A217 /* View_ViewModel */,
				42743FC5255DAE1D00D68FD6 /* Main.storyboard */,
				42743FCD255DAE1F00D68FD6 /* LaunchScreen.storyboard */,
				42743FCB255DAE1F00D68FD6 /* Assets.xcassets */,
				42743FC8255DAE1D00D68FD6 /* MyTasks.xcdatamodeld */,
				42743FD0255DAE1F00D68FD6 /* Info.plist */,
			);
			path = MyTasks;
			sourceTree = "<group>";
		};
		42743FDA255DB01C00D68FD6 /* Model */ = {
			isa = PBXGroup;
			children = (
				423AB61F2569B1A50046A217 /* Task+CoreDataClass.swift */,
				423AB6202569B1A50046A217 /* Task+CoreDataProperties.swift */,
				423AB6212569B1A50046A217 /* Type+CoreDataClass.swift */,
				423AB6222569B1A50046A217 /* Type+CoreDataProperties.swift */,
			);
			path = Model;
			sourceTree = "<group>";
		};
		42743FDB255DB2EE00D68FD6 /* Services */ = {
			isa = PBXGroup;
			children = (
				426B5C7B2563153D00DA066D /* CoreDataManager.swift */,
			);
			path = Services;
			sourceTree = "<group>";
		};
		42E46E1F256C2215005D97AD /* Tasks Check List */ = {
			isa = PBXGroup;
			children = (
				426DFED7257141770019D3AB /* View Model */,
				426DFED8257141830019D3AB /* View Controler */,
			);
			path = "Tasks Check List";
			sourceTree = "<group>";
		};
		42E46E20256C2233005D97AD /* Types List */ = {
			isa = PBXGroup;
			children = (
				426DFED52571412F0019D3AB /* ViewModel */,
				426DFED62571413F0019D3AB /* ViewControler */,
			);
			path = "Types List";
			sourceTree = "<group>";
		};
/* End PBXGroup section */

/* Begin PBXNativeTarget section */
		42743FBB255DAE1D00D68FD6 /* MyTasks */ = {
			isa = PBXNativeTarget;
			buildConfigurationList = 42743FD3255DAE1F00D68FD6 /* Build configuration list for PBXNativeTarget "MyTasks" */;
			buildPhases = (
				42743FB8255DAE1D00D68FD6 /* Sources */,
				42743FB9255DAE1D00D68FD6 /* Frameworks */,
				42743FBA255DAE1D00D68FD6 /* Resources */,
			);
			buildRules = (
			);
			dependencies = (
			);
			name = MyTasks;
			productName = MyTasks;
			productReference = 42743FBC255DAE1D00D68FD6 /* MyTasks.app */;
			productType = "com.apple.product-type.application";
		};
/* End PBXNativeTarget section */

/* Begin PBXProject section */
		42743FB4255DAE1D00D68FD6 /* Project object */ = {
			isa = PBXProject;
			attributes = {
				LastSwiftUpdateCheck = 1160;
				LastUpgradeCheck = 1160;
				ORGANIZATIONNAME = "Abeer Abbas Saber";
				TargetAttributes = {
					42743FBB255DAE1D00D68FD6 = {
						CreatedOnToolsVersion = 11.6;
					};
				};
			};
			buildConfigurationList = 42743FB7255DAE1D00D68FD6 /* Build configuration list for PBXProject "MyTasks" */;
			compatibilityVersion = "Xcode 9.3";
			developmentRegion = en;
			hasScannedForEncodings = 0;
			knownRegions = (
				en,
				Base,
			);
			mainGroup = 42743FB3255DAE1D00D68FD6;
			productRefGroup = 42743FBD255DAE1D00D68FD6 /* Products */;
			projectDirPath = "";
			projectRoot = "";
			targets = (
				42743FBB255DAE1D00D68FD6 /* MyTasks */,
			);
		};
/* End PBXProject section */

/* Begin PBXResourcesBuildPhase section */
		42743FBA255DAE1D00D68FD6 /* Resources */ = {
			isa = PBXResourcesBuildPhase;
			buildActionMask = 2147483647;
			files = (
				42743FCF255DAE1F00D68FD6 /* LaunchScreen.storyboard in Resources */,
				42743FCC255DAE1F00D68FD6 /* Assets.xcassets in Resources */,
				42743FC7255DAE1D00D68FD6 /* Main.storyboard in Resources */,
			);
			runOnlyForDeploymentPostprocessing = 0;
		};
/* End PBXResourcesBuildPhase section */

/* Begin PBXSourcesBuildPhase section */
		42743FB8255DAE1D00D68FD6 /* Sources */ = {
			isa = PBXSourcesBuildPhase;
			buildActionMask = 2147483647;
			files = (
				42E46E1C256C21E5005D97AD /* TypesList_VM.swift in Sources */,
				421600532572EDC90004D67F /* Constants.swift in Sources */,
				423AB6252569B1A50046A217 /* Type+CoreDataClass.swift in Sources */,
				423AB61E2569AAB00046A217 /* TasksCheckList_VM.swift in Sources */,
				42743FCA255DAE1D00D68FD6 /* MyTasks.xcdatamodeld in Sources */,
				42743FDF255E046100D68FD6 /* TasksTableViewCell.swift in Sources */,
				423AB6262569B1A50046A217 /* Type+CoreDataProperties.swift in Sources */,
				421600502572E99E0004D67F /* TaskStatus.swift in Sources */,
				42160055257307050004D67F /* UINavigationController Ext.swift in Sources */,
				42743FC4255DAE1D00D68FD6 /* TasksCheckList_VC.swift in Sources */,
				420456F9255E3659009A4DF9 /* TypesListTableCell.swift in Sources */,
				42743FC0255DAE1D00D68FD6 /* AppDelegate.swift in Sources */,
				42A25A67255EFEFD0014E986 /* TypesList_VC.swift in Sources */,
				423AB6232569B1A50046A217 /* Task+CoreDataClass.swift in Sources */,
				423AB6282569D12B0046A217 /* TaskTableCell_VM.swift in Sources */,
				426B5C7C2563153D00DA066D /* CoreDataManager.swift in Sources */,
				4216004E2572E95F0004D67F /* MenuStatus.swift in Sources */,
				423AB6242569B1A50046A217 /* Task+CoreDataProperties.swift in Sources */,
				42E46E1E256C2205005D97AD /* TypesListCell_VM.swift in Sources */,
				42743FC2255DAE1D00D68FD6 /* SceneDelegate.swift in Sources */,
			);
			runOnlyForDeploymentPostprocessing = 0;
		};
/* End PBXSourcesBuildPhase section */

/* Begin PBXVariantGroup section */
		42743FC5255DAE1D00D68FD6 /* Main.storyboard */ = {
			isa = PBXVariantGroup;
			children = (
				42743FC6255DAE1D00D68FD6 /* Base */,
			);
			name = Main.storyboard;
			sourceTree = "<group>";
		};
		42743FCD255DAE1F00D68FD6 /* LaunchScreen.storyboard */ = {
			isa = PBXVariantGroup;
			children = (
				42743FCE255DAE1F00D68FD6 /* Base */,
			);
			name = LaunchScreen.storyboard;
			sourceTree = "<group>";
		};
/* End PBXVariantGroup section */

/* Begin XCBuildConfiguration section */
		42743FD1255DAE1F00D68FD6 /* Debug */ = {
			isa = XCBuildConfiguration;
			buildSettings = {
				ALWAYS_SEARCH_USER_PATHS = NO;
				CLANG_ANALYZER_NONNULL = YES;
				CLANG_ANALYZER_NUMBER_OBJECT_CONVERSION = YES_AGGRESSIVE;
				CLANG_CXX_LANGUAGE_STANDARD = "gnu++14";
				CLANG_CXX_LIBRARY = "libc++";
				CLANG_ENABLE_MODULES = YES;
				CLANG_ENABLE_OBJC_ARC = YES;
				CLANG_ENABLE_OBJC_WEAK = YES;
				CLANG_WARN_BLOCK_CAPTURE_AUTORELEASING = YES;
				CLANG_WARN_BOOL_CONVERSION = YES;
				CLANG_WARN_COMMA = YES;
				CLANG_WARN_CONSTANT_CONVERSION = YES;
				CLANG_WARN_DEPRECATED_OBJC_IMPLEMENTATIONS = YES;
				CLANG_WARN_DIRECT_OBJC_ISA_USAGE = YES_ERROR;
				CLANG_WARN_DOCUMENTATION_COMMENTS = YES;
				CLANG_WARN_EMPTY_BODY = YES;
				CLANG_WARN_ENUM_CONVERSION = YES;
				CLANG_WARN_INFINITE_RECURSION = YES;
				CLANG_WARN_INT_CONVERSION = YES;
				CLANG_WARN_NON_LITERAL_NULL_CONVERSION = YES;
				CLANG_WARN_OBJC_IMPLICIT_RETAIN_SELF = YES;
				CLANG_WARN_OBJC_LITERAL_CONVERSION = YES;
				CLANG_WARN_OBJC_ROOT_CLASS = YES_ERROR;
				CLANG_WARN_RANGE_LOOP_ANALYSIS = YES;
				CLANG_WARN_STRICT_PROTOTYPES = YES;
				CLANG_WARN_SUSPICIOUS_MOVE = YES;
				CLANG_WARN_UNGUARDED_AVAILABILITY = YES_AGGRESSIVE;
				CLANG_WARN_UNREACHABLE_CODE = YES;
				CLANG_WARN__DUPLICATE_METHOD_MATCH = YES;
				COPY_PHASE_STRIP = NO;
				DEBUG_INFORMATION_FORMAT = dwarf;
				ENABLE_STRICT_OBJC_MSGSEND = YES;
				ENABLE_TESTABILITY = YES;
				GCC_C_LANGUAGE_STANDARD = gnu11;
				GCC_DYNAMIC_NO_PIC = NO;
				GCC_NO_COMMON_BLOCKS = YES;
				GCC_OPTIMIZATION_LEVEL = 0;
				GCC_PREPROCESSOR_DEFINITIONS = (
					"DEBUG=1",
					"$(inherited)",
				);
				GCC_WARN_64_TO_32_BIT_CONVERSION = YES;
				GCC_WARN_ABOUT_RETURN_TYPE = YES_ERROR;
				GCC_WARN_UNDECLARED_SELECTOR = YES;
				GCC_WARN_UNINITIALIZED_AUTOS = YES_AGGRESSIVE;
				GCC_WARN_UNUSED_FUNCTION = YES;
				GCC_WARN_UNUSED_VARIABLE = YES;
				IPHONEOS_DEPLOYMENT_TARGET = 13.6;
				MTL_ENABLE_DEBUG_INFO = INCLUDE_SOURCE;
				MTL_FAST_MATH = YES;
				ONLY_ACTIVE_ARCH = YES;
				SDKROOT = iphoneos;
				SWIFT_ACTIVE_COMPILATION_CONDITIONS = DEBUG;
				SWIFT_OPTIMIZATION_LEVEL = "-Onone";
			};
			name = Debug;
		};
		42743FD2255DAE1F00D68FD6 /* Release */ = {
			isa = XCBuildConfiguration;
			buildSettings = {
				ALWAYS_SEARCH_USER_PATHS = NO;
				CLANG_ANALYZER_NONNULL = YES;
				CLANG_ANALYZER_NUMBER_OBJECT_CONVERSION = YES_AGGRESSIVE;
				CLANG_CXX_LANGUAGE_STANDARD = "gnu++14";
				CLANG_CXX_LIBRARY = "libc++";
				CLANG_ENABLE_MODULES = YES;
				CLANG_ENABLE_OBJC_ARC = YES;
				CLANG_ENABLE_OBJC_WEAK = YES;
				CLANG_WARN_BLOCK_CAPTURE_AUTORELEASING = YES;
				CLANG_WARN_BOOL_CONVERSION = YES;
				CLANG_WARN_COMMA = YES;
				CLANG_WARN_CONSTANT_CONVERSION = YES;
				CLANG_WARN_DEPRECATED_OBJC_IMPLEMENTATIONS = YES;
				CLANG_WARN_DIRECT_OBJC_ISA_USAGE = YES_ERROR;
				CLANG_WARN_DOCUMENTATION_COMMENTS = YES;
				CLANG_WARN_EMPTY_BODY = YES;
				CLANG_WARN_ENUM_CONVERSION = YES;
				CLANG_WARN_INFINITE_RECURSION = YES;
				CLANG_WARN_INT_CONVERSION = YES;
				CLANG_WARN_NON_LITERAL_NULL_CONVERSION = YES;
				CLANG_WARN_OBJC_IMPLICIT_RETAIN_SELF = YES;
				CLANG_WARN_OBJC_LITERAL_CONVERSION = YES;
				CLANG_WARN_OBJC_ROOT_CLASS = YES_ERROR;
				CLANG_WARN_RANGE_LOOP_ANALYSIS = YES;
				CLANG_WARN_STRICT_PROTOTYPES = YES;
				CLANG_WARN_SUSPICIOUS_MOVE = YES;
				CLANG_WARN_UNGUARDED_AVAILABILITY = YES_AGGRESSIVE;
				CLANG_WARN_UNREACHABLE_CODE = YES;
				CLANG_WARN__DUPLICATE_METHOD_MATCH = YES;
				COPY_PHASE_STRIP = NO;
				DEBUG_INFORMATION_FORMAT = "dwarf-with-dsym";
				ENABLE_NS_ASSERTIONS = NO;
				ENABLE_STRICT_OBJC_MSGSEND = YES;
				GCC_C_LANGUAGE_STANDARD = gnu11;
				GCC_NO_COMMON_BLOCKS = YES;
				GCC_WARN_64_TO_32_BIT_CONVERSION = YES;
				GCC_WARN_ABOUT_RETURN_TYPE = YES_ERROR;
				GCC_WARN_UNDECLARED_SELECTOR = YES;
				GCC_WARN_UNINITIALIZED_AUTOS = YES_AGGRESSIVE;
				GCC_WARN_UNUSED_FUNCTION = YES;
				GCC_WARN_UNUSED_VARIABLE = YES;
				IPHONEOS_DEPLOYMENT_TARGET = 13.6;
				MTL_ENABLE_DEBUG_INFO = NO;
				MTL_FAST_MATH = YES;
				SDKROOT = iphoneos;
				SWIFT_COMPILATION_MODE = wholemodule;
				SWIFT_OPTIMIZATION_LEVEL = "-O";
				VALIDATE_PRODUCT = YES;
			};
			name = Release;
		};
		42743FD4255DAE1F00D68FD6 /* Debug */ = {
			isa = XCBuildConfiguration;
			buildSettings = {
				ASSETCATALOG_COMPILER_APPICON_NAME = AppIcon;
				CODE_SIGN_STYLE = Automatic;
				DEVELOPMENT_TEAM = 92769LFWQS;
				INFOPLIST_FILE = MyTasks/Info.plist;
				LD_RUNPATH_SEARCH_PATHS = (
					"$(inherited)",
					"@executable_path/Frameworks",
				);
				PRODUCT_BUNDLE_IDENTIFIER = abeer.MyTasks;
				PRODUCT_NAME = "$(TARGET_NAME)";
				SWIFT_VERSION = 5.0;
				TARGETED_DEVICE_FAMILY = "1,2";
			};
			name = Debug;
		};
		42743FD5255DAE1F00D68FD6 /* Release */ = {
			isa = XCBuildConfiguration;
			buildSettings = {
				ASSETCATALOG_COMPILER_APPICON_NAME = AppIcon;
				CODE_SIGN_STYLE = Automatic;
				DEVELOPMENT_TEAM = 92769LFWQS;
				INFOPLIST_FILE = MyTasks/Info.plist;
				LD_RUNPATH_SEARCH_PATHS = (
					"$(inherited)",
					"@executable_path/Frameworks",
				);
				PRODUCT_BUNDLE_IDENTIFIER = abeer.MyTasks;
				PRODUCT_NAME = "$(TARGET_NAME)";
				SWIFT_VERSION = 5.0;
				TARGETED_DEVICE_FAMILY = "1,2";
			};
			name = Release;
		};
/* End XCBuildConfiguration section */

/* Begin XCConfigurationList section */
		42743FB7255DAE1D00D68FD6 /* Build configuration list for PBXProject "MyTasks" */ = {
			isa = XCConfigurationList;
			buildConfigurations = (
				42743FD1255DAE1F00D68FD6 /* Debug */,
				42743FD2255DAE1F00D68FD6 /* Release */,
			);
			defaultConfigurationIsVisible = 0;
			defaultConfigurationName = Release;
		};
		42743FD3255DAE1F00D68FD6 /* Build configuration list for PBXNativeTarget "MyTasks" */ = {
			isa = XCConfigurationList;
			buildConfigurations = (
				42743FD4255DAE1F00D68FD6 /* Debug */,
				42743FD5255DAE1F00D68FD6 /* Release */,
			);
			defaultConfigurationIsVisible = 0;
			defaultConfigurationName = Release;
		};
/* End XCConfigurationList section */

/* Begin XCVersionGroup section */
		42743FC8255DAE1D00D68FD6 /* MyTasks.xcdatamodeld */ = {
			isa = XCVersionGroup;
			children = (
				42743FC9255DAE1D00D68FD6 /* MyTasks.xcdatamodel */,
			);
			currentVersion = 42743FC9255DAE1D00D68FD6 /* MyTasks.xcdatamodel */;
			path = MyTasks.xcdatamodeld;
			sourceTree = "<group>";
			versionGroupType = wrapper.xcdatamodel;
		};
/* End XCVersionGroup section */
	};
	rootObject = 42743FB4255DAE1D00D68FD6 /* Project object */;
}
